
Microsoft Visual Studio Solution File, Format Version 12.00
# Visual Studio Version 17
VisualStudioVersion = 17.2.32526.322
MinimumVisualStudioVersion = 10.0.40219.1
Project("{FAE04EC0-301F-11D3-BF4B-00C04F79EFBC}") = "AngularCoreMongoCRUD", "AngularCoreMongoCRUD.csproj", "{EB6047D2-695A-489D-8B7C-F257A21AC83F}"
EndProject
Global
	GlobalSection(SolutionConfigurationPlatforms) = preSolution
		Debug|Any CPU = Debug|Any CPU
		Release|Any CPU = Release|Any CPU
	EndGlobalSection
	GlobalSection(ProjectConfigurationPlatforms) = postSolution
		{EB6047D2-695A-489D-8B7C-F257A21AC83F}.Debug|Any CPU.ActiveCfg = Debug|Any CPU
		{EB6047D2-695A-489D-8B7C-F257A21AC83F}.Debug|Any CPU.Build.0 = Debug|Any CPU
		{EB6047D2-695A-489D-8B7C-F257A21AC83F}.Release|Any CPU.ActiveCfg = Release|Any CPU
		{EB6047D2-695A-489D-8B7C-F257A21AC83F}.Release|Any CPU.Build.0 = Release|Any CPU
	EndGlobalSection
	GlobalSection(SolutionProperties) = preSolution
		HideSolutionNode = FALSE
	EndGlobalSection
	GlobalSection(ExtensibilityGlobals) = postSolution
		SolutionGuid = {B4AD70A0-D894-449F-BF74-39EF7A9428DD}
	EndGlobalSection
EndGlobal
